
Microsoft Visual Studio Solution File, Format Version 12.00
# Visual Studio 15
VisualStudioVersion = 15.0.28307.539
MinimumVisualStudioVersion = 10.0.40219.1
Project("{FAE04EC0-301F-11D3-BF4B-00C04F79EFBC}") = "SQLiteXF.Android", "SQLiteXF\SQLiteXF.Android\SQLiteXF.Android.csproj", "{7F10C12C-C39C-4D2A-8EFF-7C89868F466C}"
EndProject
Project("{D954291E-2A0B-460D-934E-DC6B0785DB48}") = "SQLiteXF", "SQLiteXF\SQLiteXF\SQLiteXF.shproj", "{A87F33FE-F032-4A1A-B64E-1B26F4D7573D}"
EndProject
Project("{2150E333-8FDC-42A3-9474-1A3956D46DE8}") = "Core", "Core", "{F8D8A2A0-E229-444E-80A5-69E10428F01D}"
EndProject
Project("{2150E333-8FDC-42A3-9474-1A3956D46DE8}") = "Persistence", "Persistence", "{CCB1E9B1-AF3F-4F16-B23E-5EB92E6EC117}"
EndProject
Project("{2150E333-8FDC-42A3-9474-1A3956D46DE8}") = "Shared", "Shared", "{E9748CBB-F004-4FB7-94F4-8CFAD20B1311}"
EndProject
Project("{2150E333-8FDC-42A3-9474-1A3956D46DE8}") = "Android", "Android", "{8ECD0CE4-E9D7-4F4D-87C7-6E0DE14175C9}"
EndProject
Project("{FAE04EC0-301F-11D3-BF4B-00C04F79EFBC}") = "SQLiteXF.Data", "SQLiteXF.Data\SQLiteXF.Data.csproj", "{C15B380E-C160-4E7E-BF67-C2AC71F6446C}"
EndProject
Project("{2150E333-8FDC-42A3-9474-1A3956D46DE8}") = "OmegaFramework", "OmegaFramework", "{3729C3EA-E340-4294-9C00-F19DE1FC7939}"
EndProject
Project("{FAE04EC0-301F-11D3-BF4B-00C04F79EFBC}") = "OmegaInc.CommonEntity", "OmegaInc.CommonEntity\OmegaInc.CommonEntity.csproj", "{4D09A73D-BC87-41A1-970B-23AC63732067}"
EndProject
Project("{2150E333-8FDC-42A3-9474-1A3956D46DE8}") = "Repository", "Repository", "{9FA26527-9222-44EB-B913-A61AAC8B8175}"
EndProject
Project("{FAE04EC0-301F-11D3-BF4B-00C04F79EFBC}") = "OmegaInc.Repository", "OmegaInc.Repository\OmegaInc.Repository.csproj", "{691A868A-C4CB-465F-87D8-07379B61C6B6}"
EndProject
Project("{FAE04EC0-301F-11D3-BF4B-00C04F79EFBC}") = "OmegaInc.RepositoryEntity", "OmegaInc.RepositoryEntity\OmegaInc.RepositoryEntity.csproj", "{A65EEF3B-B962-44CB-8B3D-7EB17E32F286}"
EndProject
Project("{FAE04EC0-301F-11D3-BF4B-00C04F79EFBC}") = "SQLiteXF.Model", "SQLiteXF.Model\SQLiteXF.Model.csproj", "{F33E1470-840C-4039-9A12-EFD3F5AAE9BC}"
EndProject
Project("{FAE04EC0-301F-11D3-BF4B-00C04F79EFBC}") = "SQLiteXF.Core", "SQLiteXF.Core\SQLiteXF.Core.csproj", "{FBCEA4A0-B5AE-4606-89CE-F3AE535EDBFD}"
EndProject
Project("{2150E333-8FDC-42A3-9474-1A3956D46DE8}") = "Repository", "Repository", "{49F73554-DA9C-4318-89E3-8B0EBB88464B}"
EndProject
Project("{FAE04EC0-301F-11D3-BF4B-00C04F79EFBC}") = "SQLiteXF.Repository", "SQLiteXF.Repository\SQLiteXF.Repository.csproj", "{25DAC6A3-652C-46BA-811B-5ABF9AD3C7B1}"
EndProject
Global
	GlobalSection(SharedMSBuildProjectFiles) = preSolution
		SQLiteXF\SQLiteXF\SQLiteXF.projitems*{7f10c12c-c39c-4d2a-8eff-7c89868f466c}*SharedItemsImports = 4
		SQLiteXF\SQLiteXF\SQLiteXF.projitems*{a87f33fe-f032-4a1a-b64e-1b26f4d7573d}*SharedItemsImports = 13
	EndGlobalSection
	GlobalSection(SolutionConfigurationPlatforms) = preSolution
		Debug|Any CPU = Debug|Any CPU
		Release|Any CPU = Release|Any CPU
	EndGlobalSection
	GlobalSection(ProjectConfigurationPlatforms) = postSolution
		{7F10C12C-C39C-4D2A-8EFF-7C89868F466C}.Debug|Any CPU.ActiveCfg = Debug|Any CPU
		{7F10C12C-C39C-4D2A-8EFF-7C89868F466C}.Debug|Any CPU.Build.0 = Debug|Any CPU
		{7F10C12C-C39C-4D2A-8EFF-7C89868F466C}.Debug|Any CPU.Deploy.0 = Debug|Any CPU
		{7F10C12C-C39C-4D2A-8EFF-7C89868F466C}.Release|Any CPU.ActiveCfg = Release|Any CPU
		{7F10C12C-C39C-4D2A-8EFF-7C89868F466C}.Release|Any CPU.Build.0 = Release|Any CPU
		{7F10C12C-C39C-4D2A-8EFF-7C89868F466C}.Release|Any CPU.Deploy.0 = Release|Any CPU
		{C15B380E-C160-4E7E-BF67-C2AC71F6446C}.Debug|Any CPU.ActiveCfg = Debug|Any CPU
		{C15B380E-C160-4E7E-BF67-C2AC71F6446C}.Debug|Any CPU.Build.0 = Debug|Any CPU
		{C15B380E-C160-4E7E-BF67-C2AC71F6446C}.Release|Any CPU.ActiveCfg = Release|Any CPU
		{C15B380E-C160-4E7E-BF67-C2AC71F6446C}.Release|Any CPU.Build.0 = Release|Any CPU
		{4D09A73D-BC87-41A1-970B-23AC63732067}.Debug|Any CPU.ActiveCfg = Debug|Any CPU
		{4D09A73D-BC87-41A1-970B-23AC63732067}.Debug|Any CPU.Build.0 = Debug|Any CPU
		{4D09A73D-BC87-41A1-970B-23AC63732067}.Release|Any CPU.ActiveCfg = Release|Any CPU
		{4D09A73D-BC87-41A1-970B-23AC63732067}.Release|Any CPU.Build.0 = Release|Any CPU
		{691A868A-C4CB-465F-87D8-07379B61C6B6}.Debug|Any CPU.ActiveCfg = Debug|Any CPU
		{691A868A-C4CB-465F-87D8-07379B61C6B6}.Debug|Any CPU.Build.0 = Debug|Any CPU
		{691A868A-C4CB-465F-87D8-07379B61C6B6}.Release|Any CPU.ActiveCfg = Release|Any CPU
		{691A868A-C4CB-465F-87D8-07379B61C6B6}.Release|Any CPU.Build.0 = Release|Any CPU
		{A65EEF3B-B962-44CB-8B3D-7EB17E32F286}.Debug|Any CPU.ActiveCfg = Debug|Any CPU
		{A65EEF3B-B962-44CB-8B3D-7EB17E32F286}.Debug|Any CPU.Build.0 = Debug|Any CPU
		{A65EEF3B-B962-44CB-8B3D-7EB17E32F286}.Release|Any CPU.ActiveCfg = Release|Any CPU
		{A65EEF3B-B962-44CB-8B3D-7EB17E32F286}.Release|Any CPU.Build.0 = Release|Any CPU
		{F33E1470-840C-4039-9A12-EFD3F5AAE9BC}.Debug|Any CPU.ActiveCfg = Debug|Any CPU
		{F33E1470-840C-4039-9A12-EFD3F5AAE9BC}.Debug|Any CPU.Build.0 = Debug|Any CPU
		{F33E1470-840C-4039-9A12-EFD3F5AAE9BC}.Release|Any CPU.ActiveCfg = Release|Any CPU
		{F33E1470-840C-4039-9A12-EFD3F5AAE9BC}.Release|Any CPU.Build.0 = Release|Any CPU
		{FBCEA4A0-B5AE-4606-89CE-F3AE535EDBFD}.Debug|Any CPU.ActiveCfg = Debug|Any CPU
		{FBCEA4A0-B5AE-4606-89CE-F3AE535EDBFD}.Debug|Any CPU.Build.0 = Debug|Any CPU
		{FBCEA4A0-B5AE-4606-89CE-F3AE535EDBFD}.Release|Any CPU.ActiveCfg = Release|Any CPU
		{FBCEA4A0-B5AE-4606-89CE-F3AE535EDBFD}.Release|Any CPU.Build.0 = Release|Any CPU
		{25DAC6A3-652C-46BA-811B-5ABF9AD3C7B1}.Debug|Any CPU.ActiveCfg = Debug|Any CPU
		{25DAC6A3-652C-46BA-811B-5ABF9AD3C7B1}.Debug|Any CPU.Build.0 = Debug|Any CPU
		{25DAC6A3-652C-46BA-811B-5ABF9AD3C7B1}.Release|Any CPU.ActiveCfg = Release|Any CPU
		{25DAC6A3-652C-46BA-811B-5ABF9AD3C7B1}.Release|Any CPU.Build.0 = Release|Any CPU
	EndGlobalSection
	GlobalSection(SolutionProperties) = preSolution
		HideSolutionNode = FALSE
	EndGlobalSection
	GlobalSection(NestedProjects) = preSolution
		{7F10C12C-C39C-4D2A-8EFF-7C89868F466C} = {8ECD0CE4-E9D7-4F4D-87C7-6E0DE14175C9}
		{A87F33FE-F032-4A1A-B64E-1B26F4D7573D} = {E9748CBB-F004-4FB7-94F4-8CFAD20B1311}
		{C15B380E-C160-4E7E-BF67-C2AC71F6446C} = {CCB1E9B1-AF3F-4F16-B23E-5EB92E6EC117}
		{4D09A73D-BC87-41A1-970B-23AC63732067} = {3729C3EA-E340-4294-9C00-F19DE1FC7939}
		{9FA26527-9222-44EB-B913-A61AAC8B8175} = {3729C3EA-E340-4294-9C00-F19DE1FC7939}
		{691A868A-C4CB-465F-87D8-07379B61C6B6} = {9FA26527-9222-44EB-B913-A61AAC8B8175}
		{A65EEF3B-B962-44CB-8B3D-7EB17E32F286} = {9FA26527-9222-44EB-B913-A61AAC8B8175}
		{F33E1470-840C-4039-9A12-EFD3F5AAE9BC} = {CCB1E9B1-AF3F-4F16-B23E-5EB92E6EC117}
		{FBCEA4A0-B5AE-4606-89CE-F3AE535EDBFD} = {F8D8A2A0-E229-444E-80A5-69E10428F01D}
		{25DAC6A3-652C-46BA-811B-5ABF9AD3C7B1} = {49F73554-DA9C-4318-89E3-8B0EBB88464B}
	EndGlobalSection
	GlobalSection(ExtensibilityGlobals) = postSolution
		SolutionGuid = {EA2FF6AC-526A-44D1-B480-21C3067E0AD5}
	EndGlobalSection
EndGlobal
